
Microsoft Visual Studio Solution File, Format Version 12.00
# Visual Studio Version 17
VisualStudioVersion = 17.1.32228.430
MinimumVisualStudioVersion = 10.0.40219.1
Project("{9A19103F-16F7-4668-BE54-9A1E7A4F7556}") = "Test.Calculator", "Test.Calculator\Test.Calculator.csproj", "{79252DDA-30D7-4DF9-AD74-C90C619ED859}"
EndProject
Project("{FAE04EC0-301F-11D3-BF4B-00C04F79EFBC}") = "Test.Calculator.Tests", "Test.Calculator.Tests\Test.Calculator.Tests.csproj", "{26DAB759-1FC5-445C-A8BD-79428CD927C3}"
EndProject
Global
	GlobalSection(SolutionConfigurationPlatforms) = preSolution
		Debug|Any CPU = Debug|Any CPU
		Release|Any CPU = Release|Any CPU
	EndGlobalSection
	GlobalSection(ProjectConfigurationPlatforms) = postSolution
		{79252DDA-30D7-4DF9-AD74-C90C619ED859}.Debug|Any CPU.ActiveCfg = Debug|Any CPU
		{79252DDA-30D7-4DF9-AD74-C90C619ED859}.Debug|Any CPU.Build.0 = Debug|Any CPU
		{79252DDA-30D7-4DF9-AD74-C90C619ED859}.Release|Any CPU.ActiveCfg = Release|Any CPU
		{79252DDA-30D7-4DF9-AD74-C90C619ED859}.Release|Any CPU.Build.0 = Release|Any CPU
		{26DAB759-1FC5-445C-A8BD-79428CD927C3}.Debug|Any CPU.ActiveCfg = Debug|Any CPU
		{26DAB759-1FC5-445C-A8BD-79428CD927C3}.Debug|Any CPU.Build.0 = Debug|Any CPU
		{26DAB759-1FC5-445C-A8BD-79428CD927C3}.Release|Any CPU.ActiveCfg = Release|Any CPU
		{26DAB759-1FC5-445C-A8BD-79428CD927C3}.Release|Any CPU.Build.0 = Release|Any CPU
	EndGlobalSection
	GlobalSection(SolutionProperties) = preSolution
		HideSolutionNode = FALSE
	EndGlobalSection
	GlobalSection(ExtensibilityGlobals) = postSolution
		SolutionGuid = {F175D621-3BF8-4B02-8AB5-266229AF5AD7}
	EndGlobalSection
EndGlobal
